// !$*UTF8*$!
{
	archiveVersion = 1;
	classes = {
	};
	objectVersion = 56;
	objects = {

/* Begin PBXBuildFile section */
		D6A4311428B42F230048D7A0 /* AppDelegate.swift in Sources */ = {isa = PBXBuildFile; fileRef = D6A4311328B42F230048D7A0 /* AppDelegate.swift */; };
		D6A4311628B42F230048D7A0 /* SceneDelegate.swift in Sources */ = {isa = PBXBuildFile; fileRef = D6A4311528B42F230048D7A0 /* SceneDelegate.swift */; };
		D6A4311828B42F230048D7A0 /* DetailedViewController.swift in Sources */ = {isa = PBXBuildFile; fileRef = D6A4311728B42F230048D7A0 /* DetailedViewController.swift */; };
		D6A4311B28B42F230048D7A0 /* Main.storyboard in Resources */ = {isa = PBXBuildFile; fileRef = D6A4311928B42F230048D7A0 /* Main.storyboard */; };
		D6A4311E28B42F230048D7A0 /* Users.xcdatamodeld in Sources */ = {isa = PBXBuildFile; fileRef = D6A4311C28B42F230048D7A0 /* Users.xcdatamodeld */; };
		D6A4312028B42F250048D7A0 /* Assets.xcassets in Resources */ = {isa = PBXBuildFile; fileRef = D6A4311F28B42F250048D7A0 /* Assets.xcassets */; };
		D6A4312328B42F250048D7A0 /* LaunchScreen.storyboard in Resources */ = {isa = PBXBuildFile; fileRef = D6A4312128B42F250048D7A0 /* LaunchScreen.storyboard */; };
		D6A4313728B432190048D7A0 /* CoreDataService.swift in Sources */ = {isa = PBXBuildFile; fileRef = D6A4313628B432190048D7A0 /* CoreDataService.swift */; };
		D6A4313B28B432BF0048D7A0 /* User+CoreDataProperties.swift in Sources */ = {isa = PBXBuildFile; fileRef = D6A4313928B432BF0048D7A0 /* User+CoreDataProperties.swift */; };
		D6A4313D28B440B20048D7A0 /* UsersViewController.swift in Sources */ = {isa = PBXBuildFile; fileRef = D6A4313C28B440B20048D7A0 /* UsersViewController.swift */; };
		D6A4313F28B440EA0048D7A0 /* UsersView.swift in Sources */ = {isa = PBXBuildFile; fileRef = D6A4313E28B440EA0048D7A0 /* UsersView.swift */; };
		D6A4314128B4427C0048D7A0 /* UsersPresenter.swift in Sources */ = {isa = PBXBuildFile; fileRef = D6A4314028B4427C0048D7A0 /* UsersPresenter.swift */; };
		D6A4316728B590C80048D7A0 /* AssemblyModule.swift in Sources */ = {isa = PBXBuildFile; fileRef = D6A4316628B590C80048D7A0 /* AssemblyModule.swift */; };
		D6A4316928B590F50048D7A0 /* Router.swift in Sources */ = {isa = PBXBuildFile; fileRef = D6A4316828B590F50048D7A0 /* Router.swift */; };
		D6A4316B28B596D80048D7A0 /* DetailedPresenter.swift in Sources */ = {isa = PBXBuildFile; fileRef = D6A4316A28B596D80048D7A0 /* DetailedPresenter.swift */; };
		D6A4316D28B597A30048D7A0 /* DetailedView.swift in Sources */ = {isa = PBXBuildFile; fileRef = D6A4316C28B597A30048D7A0 /* DetailedView.swift */; };
/* End PBXBuildFile section */

/* Begin PBXFileReference section */
		D6A4311028B42F230048D7A0 /* CoreData-TestProject.app */ = {isa = PBXFileReference; explicitFileType = wrapper.application; includeInIndex = 0; path = "CoreData-TestProject.app"; sourceTree = BUILT_PRODUCTS_DIR; };
		D6A4311328B42F230048D7A0 /* AppDelegate.swift */ = {isa = PBXFileReference; lastKnownFileType = sourcecode.swift; path = AppDelegate.swift; sourceTree = "<group>"; };
		D6A4311528B42F230048D7A0 /* SceneDelegate.swift */ = {isa = PBXFileReference; lastKnownFileType = sourcecode.swift; path = SceneDelegate.swift; sourceTree = "<group>"; };
		D6A4311728B42F230048D7A0 /* DetailedViewController.swift */ = {isa = PBXFileReference; lastKnownFileType = sourcecode.swift; path = DetailedViewController.swift; sourceTree = "<group>"; };
		D6A4311A28B42F230048D7A0 /* Base */ = {isa = PBXFileReference; lastKnownFileType = file.storyboard; name = Base; path = Base.lproj/Main.storyboard; sourceTree = "<group>"; };
		D6A4311D28B42F230048D7A0 /* CoreData_TestProject.xcdatamodel */ = {isa = PBXFileReference; lastKnownFileType = wrapper.xcdatamodel; path = CoreData_TestProject.xcdatamodel; sourceTree = "<group>"; };
		D6A4311F28B42F250048D7A0 /* Assets.xcassets */ = {isa = PBXFileReference; lastKnownFileType = folder.assetcatalog; path = Assets.xcassets; sourceTree = "<group>"; };
		D6A4312228B42F250048D7A0 /* Base */ = {isa = PBXFileReference; lastKnownFileType = file.storyboard; name = Base; path = Base.lproj/LaunchScreen.storyboard; sourceTree = "<group>"; };
		D6A4312428B42F250048D7A0 /* Info.plist */ = {isa = PBXFileReference; lastKnownFileType = text.plist.xml; path = Info.plist; sourceTree = "<group>"; };
		D6A4313628B432190048D7A0 /* CoreDataService.swift */ = {isa = PBXFileReference; lastKnownFileType = sourcecode.swift; path = CoreDataService.swift; sourceTree = "<group>"; };
		D6A4313928B432BF0048D7A0 /* User+CoreDataProperties.swift */ = {isa = PBXFileReference; lastKnownFileType = sourcecode.swift; path = "User+CoreDataProperties.swift"; sourceTree = "<group>"; };
		D6A4313C28B440B20048D7A0 /* UsersViewController.swift */ = {isa = PBXFileReference; lastKnownFileType = sourcecode.swift; path = UsersViewController.swift; sourceTree = "<group>"; };
		D6A4313E28B440EA0048D7A0 /* UsersView.swift */ = {isa = PBXFileReference; lastKnownFileType = sourcecode.swift; path = UsersView.swift; sourceTree = "<group>"; };
		D6A4314028B4427C0048D7A0 /* UsersPresenter.swift */ = {isa = PBXFileReference; lastKnownFileType = sourcecode.swift; path = UsersPresenter.swift; sourceTree = "<group>"; };
		D6A4316628B590C80048D7A0 /* AssemblyModule.swift */ = {isa = PBXFileReference; lastKnownFileType = sourcecode.swift; path = AssemblyModule.swift; sourceTree = "<group>"; };
		D6A4316828B590F50048D7A0 /* Router.swift */ = {isa = PBXFileReference; lastKnownFileType = sourcecode.swift; path = Router.swift; sourceTree = "<group>"; };
		D6A4316A28B596D80048D7A0 /* DetailedPresenter.swift */ = {isa = PBXFileReference; lastKnownFileType = sourcecode.swift; path = DetailedPresenter.swift; sourceTree = "<group>"; };
		D6A4316C28B597A30048D7A0 /* DetailedView.swift */ = {isa = PBXFileReference; lastKnownFileType = sourcecode.swift; path = DetailedView.swift; sourceTree = "<group>"; };
/* End PBXFileReference section */

/* Begin PBXFrameworksBuildPhase section */
		D6A4310D28B42F230048D7A0 /* Frameworks */ = {
			isa = PBXFrameworksBuildPhase;
			buildActionMask = 2147483647;
			files = (
			);
			runOnlyForDeploymentPostprocessing = 0;
		};
/* End PBXFrameworksBuildPhase section */

/* Begin PBXGroup section */
		D6A4310728B42F230048D7A0 = {
			isa = PBXGroup;
			children = (
				D6A4311228B42F230048D7A0 /* CoreData-TestProject */,
				D6A4311128B42F230048D7A0 /* Products */,
			);
			sourceTree = "<group>";
		};
		D6A4311128B42F230048D7A0 /* Products */ = {
			isa = PBXGroup;
			children = (
				D6A4311028B42F230048D7A0 /* CoreData-TestProject.app */,
			);
			name = Products;
			sourceTree = "<group>";
		};
		D6A4311228B42F230048D7A0 /* CoreData-TestProject */ = {
			isa = PBXGroup;
			children = (
				D6A4312A28B430B40048D7A0 /* Resources */,
				D6A4312B28B431310048D7A0 /* Sources */,
			);
			path = "CoreData-TestProject";
			sourceTree = "<group>";
		};
		D6A4312A28B430B40048D7A0 /* Resources */ = {
			isa = PBXGroup;
			children = (
				D6A4311928B42F230048D7A0 /* Main.storyboard */,
				D6A4311F28B42F250048D7A0 /* Assets.xcassets */,
				D6A4312128B42F250048D7A0 /* LaunchScreen.storyboard */,
				D6A4312428B42F250048D7A0 /* Info.plist */,
			);
			path = Resources;
			sourceTree = "<group>";
		};
		D6A4312B28B431310048D7A0 /* Sources */ = {
			isa = PBXGroup;
			children = (
				D6A4312C28B4313B0048D7A0 /* App */,
				D6A4312D28B431560048D7A0 /* Services */,
				D6A4312E28B431640048D7A0 /* Scenes */,
			);
			path = Sources;
			sourceTree = "<group>";
		};
		D6A4312C28B4313B0048D7A0 /* App */ = {
			isa = PBXGroup;
			children = (
				D6A4311328B42F230048D7A0 /* AppDelegate.swift */,
				D6A4311528B42F230048D7A0 /* SceneDelegate.swift */,
				D6A4316628B590C80048D7A0 /* AssemblyModule.swift */,
				D6A4316828B590F50048D7A0 /* Router.swift */,
			);
			path = App;
			sourceTree = "<group>";
		};
		D6A4312D28B431560048D7A0 /* Services */ = {
			isa = PBXGroup;
			children = (
				D6A4313628B432190048D7A0 /* CoreDataService.swift */,
				D6A4311C28B42F230048D7A0 /* Users.xcdatamodeld */,
				D6A4313928B432BF0048D7A0 /* User+CoreDataProperties.swift */,
			);
			path = Services;
			sourceTree = "<group>";
		};
		D6A4312E28B431640048D7A0 /* Scenes */ = {
			isa = PBXGroup;
			children = (
				D6A4312F28B431840048D7A0 /* UsersModule */,
				D6A4313028B4318D0048D7A0 /* DetailModule */,
			);
			path = Scenes;
			sourceTree = "<group>";
		};
		D6A4312F28B431840048D7A0 /* UsersModule */ = {
			isa = PBXGroup;
			children = (
				D6A4313528B431E20048D7A0 /* Presenter */,
				D6A4313428B431DB0048D7A0 /* View */,
			);
			path = UsersModule;
			sourceTree = "<group>";
		};
		D6A4313028B4318D0048D7A0 /* DetailModule */ = {
			isa = PBXGroup;
			children = (
				D6A4313328B431CF0048D7A0 /* Presenter */,
				D6A4313228B431CA0048D7A0 /* View */,
			);
			path = DetailModule;
			sourceTree = "<group>";
		};
		D6A4313228B431CA0048D7A0 /* View */ = {
			isa = PBXGroup;
			children = (
				D6A4311728B42F230048D7A0 /* DetailedViewController.swift */,
				D6A4316C28B597A30048D7A0 /* DetailedView.swift */,
			);
			path = View;
			sourceTree = "<group>";
		};
		D6A4313328B431CF0048D7A0 /* Presenter */ = {
			isa = PBXGroup;
			children = (
				D6A4316A28B596D80048D7A0 /* DetailedPresenter.swift */,
			);
			path = Presenter;
			sourceTree = "<group>";
		};
		D6A4313428B431DB0048D7A0 /* View */ = {
			isa = PBXGroup;
			children = (
				D6A4313C28B440B20048D7A0 /* UsersViewController.swift */,
				D6A4313E28B440EA0048D7A0 /* UsersView.swift */,
			);
			path = View;
			sourceTree = "<group>";
		};
		D6A4313528B431E20048D7A0 /* Presenter */ = {
			isa = PBXGroup;
			children = (
				D6A4314028B4427C0048D7A0 /* UsersPresenter.swift */,
			);
			path = Presenter;
			sourceTree = "<group>";
		};
/* End PBXGroup section */

/* Begin PBXNativeTarget section */
		D6A4310F28B42F230048D7A0 /* CoreData-TestProject */ = {
			isa = PBXNativeTarget;
			buildConfigurationList = D6A4312728B42F250048D7A0 /* Build configuration list for PBXNativeTarget "CoreData-TestProject" */;
			buildPhases = (
				D6A4310C28B42F230048D7A0 /* Sources */,
				D6A4310D28B42F230048D7A0 /* Frameworks */,
				D6A4310E28B42F230048D7A0 /* Resources */,
			);
			buildRules = (
			);
			dependencies = (
			);
			name = "CoreData-TestProject";
			productName = "CoreData-TestProject";
			productReference = D6A4311028B42F230048D7A0 /* CoreData-TestProject.app */;
			productType = "com.apple.product-type.application";
		};
/* End PBXNativeTarget section */

/* Begin PBXProject section */
		D6A4310828B42F230048D7A0 /* Project object */ = {
			isa = PBXProject;
			attributes = {
				BuildIndependentTargetsInParallel = 1;
				LastSwiftUpdateCheck = 1400;
				LastUpgradeCheck = 1400;
				TargetAttributes = {
					D6A4310F28B42F230048D7A0 = {
						CreatedOnToolsVersion = 14.0;
					};
				};
			};
			buildConfigurationList = D6A4310B28B42F230048D7A0 /* Build configuration list for PBXProject "CoreData-TestProject" */;
			compatibilityVersion = "Xcode 14.0";
			developmentRegion = en;
			hasScannedForEncodings = 0;
			knownRegions = (
				en,
				Base,
			);
			mainGroup = D6A4310728B42F230048D7A0;
			packageReferences = (
			);
			productRefGroup = D6A4311128B42F230048D7A0 /* Products */;
			projectDirPath = "";
			projectRoot = "";
			targets = (
				D6A4310F28B42F230048D7A0 /* CoreData-TestProject */,
			);
		};
/* End PBXProject section */

/* Begin PBXResourcesBuildPhase section */
		D6A4310E28B42F230048D7A0 /* Resources */ = {
			isa = PBXResourcesBuildPhase;
			buildActionMask = 2147483647;
			files = (
				D6A4312328B42F250048D7A0 /* LaunchScreen.storyboard in Resources */,
				D6A4312028B42F250048D7A0 /* Assets.xcassets in Resources */,
				D6A4311B28B42F230048D7A0 /* Main.storyboard in Resources */,
			);
			runOnlyForDeploymentPostprocessing = 0;
		};
/* End PBXResourcesBuildPhase section */

/* Begin PBXSourcesBuildPhase section */
		D6A4310C28B42F230048D7A0 /* Sources */ = {
			isa = PBXSourcesBuildPhase;
			buildActionMask = 2147483647;
			files = (
				D6A4316928B590F50048D7A0 /* Router.swift in Sources */,
				D6A4313728B432190048D7A0 /* CoreDataService.swift in Sources */,
				D6A4313D28B440B20048D7A0 /* UsersViewController.swift in Sources */,
				D6A4311828B42F230048D7A0 /* DetailedViewController.swift in Sources */,
				D6A4313B28B432BF0048D7A0 /* User+CoreDataProperties.swift in Sources */,
				D6A4316B28B596D80048D7A0 /* DetailedPresenter.swift in Sources */,
				D6A4316D28B597A30048D7A0 /* DetailedView.swift in Sources */,
				D6A4314128B4427C0048D7A0 /* UsersPresenter.swift in Sources */,
				D6A4316728B590C80048D7A0 /* AssemblyModule.swift in Sources */,
				D6A4313F28B440EA0048D7A0 /* UsersView.swift in Sources */,
				D6A4311428B42F230048D7A0 /* AppDelegate.swift in Sources */,
				D6A4311E28B42F230048D7A0 /* Users.xcdatamodeld in Sources */,
				D6A4311628B42F230048D7A0 /* SceneDelegate.swift in Sources */,
			);
			runOnlyForDeploymentPostprocessing = 0;
		};
/* End PBXSourcesBuildPhase section */

/* Begin PBXVariantGroup section */
		D6A4311928B42F230048D7A0 /* Main.storyboard */ = {
			isa = PBXVariantGroup;
			children = (
				D6A4311A28B42F230048D7A0 /* Base */,
			);
			name = Main.storyboard;
			sourceTree = "<group>";
		};
		D6A4312128B42F250048D7A0 /* LaunchScreen.storyboard */ = {
			isa = PBXVariantGroup;
			children = (
				D6A4312228B42F250048D7A0 /* Base */,
			);
			name = LaunchScreen.storyboard;
			sourceTree = "<group>";
		};
/* End PBXVariantGroup section */

/* Begin XCBuildConfiguration section */
		D6A4312528B42F250048D7A0 /* Debug */ = {
			isa = XCBuildConfiguration;
			buildSettings = {
				ALWAYS_SEARCH_USER_PATHS = NO;
				CLANG_ANALYZER_NONNULL = YES;
				CLANG_ANALYZER_NUMBER_OBJECT_CONVERSION = YES_AGGRESSIVE;
				CLANG_CXX_LANGUAGE_STANDARD = "gnu++20";
				CLANG_ENABLE_MODULES = YES;
				CLANG_ENABLE_OBJC_ARC = YES;
				CLANG_ENABLE_OBJC_WEAK = YES;
				CLANG_WARN_BLOCK_CAPTURE_AUTORELEASING = YES;
				CLANG_WARN_BOOL_CONVERSION = YES;
				CLANG_WARN_COMMA = YES;
				CLANG_WARN_CONSTANT_CONVERSION = YES;
				CLANG_WARN_DEPRECATED_OBJC_IMPLEMENTATIONS = YES;
				CLANG_WARN_DIRECT_OBJC_ISA_USAGE = YES_ERROR;
				CLANG_WARN_DOCUMENTATION_COMMENTS = YES;
				CLANG_WARN_EMPTY_BODY = YES;
				CLANG_WARN_ENUM_CONVERSION = YES;
				CLANG_WARN_INFINITE_RECURSION = YES;
				CLANG_WARN_INT_CONVERSION = YES;
				CLANG_WARN_NON_LITERAL_NULL_CONVERSION = YES;
				CLANG_WARN_OBJC_IMPLICIT_RETAIN_SELF = YES;
				CLANG_WARN_OBJC_LITERAL_CONVERSION = YES;
				CLANG_WARN_OBJC_ROOT_CLASS = YES_ERROR;
				CLANG_WARN_QUOTED_INCLUDE_IN_FRAMEWORK_HEADER = YES;
				CLANG_WARN_RANGE_LOOP_ANALYSIS = YES;
				CLANG_WARN_STRICT_PROTOTYPES = YES;
				CLANG_WARN_SUSPICIOUS_MOVE = YES;
				CLANG_WARN_UNGUARDED_AVAILABILITY = YES_AGGRESSIVE;
				CLANG_WARN_UNREACHABLE_CODE = YES;
				CLANG_WARN__DUPLICATE_METHOD_MATCH = YES;
				COPY_PHASE_STRIP = NO;
				DEBUG_INFORMATION_FORMAT = dwarf;
				ENABLE_STRICT_OBJC_MSGSEND = YES;
				ENABLE_TESTABILITY = YES;
				GCC_C_LANGUAGE_STANDARD = gnu11;
				GCC_DYNAMIC_NO_PIC = NO;
				GCC_NO_COMMON_BLOCKS = YES;
				GCC_OPTIMIZATION_LEVEL = 0;
				GCC_PREPROCESSOR_DEFINITIONS = (
					"DEBUG=1",
					"$(inherited)",
				);
				GCC_WARN_64_TO_32_BIT_CONVERSION = YES;
				GCC_WARN_ABOUT_RETURN_TYPE = YES_ERROR;
				GCC_WARN_UNDECLARED_SELECTOR = YES;
				GCC_WARN_UNINITIALIZED_AUTOS = YES_AGGRESSIVE;
				GCC_WARN_UNUSED_FUNCTION = YES;
				GCC_WARN_UNUSED_VARIABLE = YES;
				IPHONEOS_DEPLOYMENT_TARGET = 16.0;
				MTL_ENABLE_DEBUG_INFO = INCLUDE_SOURCE;
				MTL_FAST_MATH = YES;
				ONLY_ACTIVE_ARCH = YES;
				SDKROOT = iphoneos;
				SWIFT_ACTIVE_COMPILATION_CONDITIONS = DEBUG;
				SWIFT_OPTIMIZATION_LEVEL = "-Onone";
			};
			name = Debug;
		};
		D6A4312628B42F250048D7A0 /* Release */ = {
			isa = XCBuildConfiguration;
			buildSettings = {
				ALWAYS_SEARCH_USER_PATHS = NO;
				CLANG_ANALYZER_NONNULL = YES;
				CLANG_ANALYZER_NUMBER_OBJECT_CONVERSION = YES_AGGRESSIVE;
				CLANG_CXX_LANGUAGE_STANDARD = "gnu++20";
				CLANG_ENABLE_MODULES = YES;
				CLANG_ENABLE_OBJC_ARC = YES;
				CLANG_ENABLE_OBJC_WEAK = YES;
				CLANG_WARN_BLOCK_CAPTURE_AUTORELEASING = YES;
				CLANG_WARN_BOOL_CONVERSION = YES;
				CLANG_WARN_COMMA = YES;
				CLANG_WARN_CONSTANT_CONVERSION = YES;
				CLANG_WARN_DEPRECATED_OBJC_IMPLEMENTATIONS = YES;
				CLANG_WARN_DIRECT_OBJC_ISA_USAGE = YES_ERROR;
				CLANG_WARN_DOCUMENTATION_COMMENTS = YES;
				CLANG_WARN_EMPTY_BODY = YES;
				CLANG_WARN_ENUM_CONVERSION = YES;
				CLANG_WARN_INFINITE_RECURSION = YES;
				CLANG_WARN_INT_CONVERSION = YES;
				CLANG_WARN_NON_LITERAL_NULL_CONVERSION = YES;
				CLANG_WARN_OBJC_IMPLICIT_RETAIN_SELF = YES;
				CLANG_WARN_OBJC_LITERAL_CONVERSION = YES;
				CLANG_WARN_OBJC_ROOT_CLASS = YES_ERROR;
				CLANG_WARN_QUOTED_INCLUDE_IN_FRAMEWORK_HEADER = YES;
				CLANG_WARN_RANGE_LOOP_ANALYSIS = YES;
				CLANG_WARN_STRICT_PROTOTYPES = YES;
				CLANG_WARN_SUSPICIOUS_MOVE = YES;
				CLANG_WARN_UNGUARDED_AVAILABILITY = YES_AGGRESSIVE;
				CLANG_WARN_UNREACHABLE_CODE = YES;
				CLANG_WARN__DUPLICATE_METHOD_MATCH = YES;
				COPY_PHASE_STRIP = NO;
				DEBUG_INFORMATION_FORMAT = "dwarf-with-dsym";
				ENABLE_NS_ASSERTIONS = NO;
				ENABLE_STRICT_OBJC_MSGSEND = YES;
				GCC_C_LANGUAGE_STANDARD = gnu11;
				GCC_NO_COMMON_BLOCKS = YES;
				GCC_WARN_64_TO_32_BIT_CONVERSION = YES;
				GCC_WARN_ABOUT_RETURN_TYPE = YES_ERROR;
				GCC_WARN_UNDECLARED_SELECTOR = YES;
				GCC_WARN_UNINITIALIZED_AUTOS = YES_AGGRESSIVE;
				GCC_WARN_UNUSED_FUNCTION = YES;
				GCC_WARN_UNUSED_VARIABLE = YES;
				IPHONEOS_DEPLOYMENT_TARGET = 16.0;
				MTL_ENABLE_DEBUG_INFO = NO;
				MTL_FAST_MATH = YES;
				SDKROOT = iphoneos;
				SWIFT_COMPILATION_MODE = wholemodule;
				SWIFT_OPTIMIZATION_LEVEL = "-O";
				VALIDATE_PRODUCT = YES;
			};
			name = Release;
		};
		D6A4312828B42F250048D7A0 /* Debug */ = {
			isa = XCBuildConfiguration;
			buildSettings = {
				ASSETCATALOG_COMPILER_APPICON_NAME = AppIcon;
				ASSETCATALOG_COMPILER_GLOBAL_ACCENT_COLOR_NAME = AccentColor;
				CODE_SIGN_STYLE = Automatic;
				CURRENT_PROJECT_VERSION = 1;
				DEVELOPMENT_TEAM = CGLFK7WJHJ;
				GENERATE_INFOPLIST_FILE = YES;
				INFOPLIST_FILE = "CoreData-TestProject/Resources/Info.plist";
				INFOPLIST_KEY_NSPhotoLibraryAddUsageDescription = "Please allow access";
				INFOPLIST_KEY_UIApplicationSupportsIndirectInputEvents = YES;
				INFOPLIST_KEY_UILaunchStoryboardName = LaunchScreen;
				INFOPLIST_KEY_UIMainStoryboardFile = Main;
				INFOPLIST_KEY_UISupportedInterfaceOrientations = "UIInterfaceOrientationLandscapeLeft UIInterfaceOrientationLandscapeRight UIInterfaceOrientationPortrait";
				INFOPLIST_KEY_UISupportedInterfaceOrientations_iPad = UIInterfaceOrientationPortraitUpsideDown;
				LD_RUNPATH_SEARCH_PATHS = (
					"$(inherited)",
					"@executable_path/Frameworks",
				);
				MARKETING_VERSION = 1.0;
				PRODUCT_BUNDLE_IDENTIFIER = "com.my.CoreData-TestProject";
				PRODUCT_NAME = "$(TARGET_NAME)";
				SWIFT_EMIT_LOC_STRINGS = YES;
				SWIFT_VERSION = 5.0;
				TARGETED_DEVICE_FAMILY = "1,2";
			};
			name = Debug;
		};
		D6A4312928B42F250048D7A0 /* Release */ = {
			isa = XCBuildConfiguration;
			buildSettings = {
				ASSETCATALOG_COMPILER_APPICON_NAME = AppIcon;
				ASSETCATALOG_COMPILER_GLOBAL_ACCENT_COLOR_NAME = AccentColor;
				CODE_SIGN_STYLE = Automatic;
				CURRENT_PROJECT_VERSION = 1;
				DEVELOPMENT_TEAM = CGLFK7WJHJ;
				GENERATE_INFOPLIST_FILE = YES;
				INFOPLIST_FILE = "CoreData-TestProject/Resources/Info.plist";
				INFOPLIST_KEY_NSPhotoLibraryAddUsageDescription = "Please allow access";
				INFOPLIST_KEY_UIApplicationSupportsIndirectInputEvents = YES;
				INFOPLIST_KEY_UILaunchStoryboardName = LaunchScreen;
				INFOPLIST_KEY_UIMainStoryboardFile = Main;
				INFOPLIST_KEY_UISupportedInterfaceOrientations = "UIInterfaceOrientationLandscapeLeft UIInterfaceOrientationLandscapeRight UIInterfaceOrientationPortrait";
				INFOPLIST_KEY_UISupportedInterfaceOrientations_iPad = UIInterfaceOrientationPortraitUpsideDown;
				LD_RUNPATH_SEARCH_PATHS = (
					"$(inherited)",
					"@executable_path/Frameworks",
				);
				MARKETING_VERSION = 1.0;
				PRODUCT_BUNDLE_IDENTIFIER = "com.my.CoreData-TestProject";
				PRODUCT_NAME = "$(TARGET_NAME)";
				SWIFT_EMIT_LOC_STRINGS = YES;
				SWIFT_VERSION = 5.0;
				TARGETED_DEVICE_FAMILY = "1,2";
			};
			name = Release;
		};
/* End XCBuildConfiguration section */

/* Begin XCConfigurationList section */
		D6A4310B28B42F230048D7A0 /* Build configuration list for PBXProject "CoreData-TestProject" */ = {
			isa = XCConfigurationList;
			buildConfigurations = (
				D6A4312528B42F250048D7A0 /* Debug */,
				D6A4312628B42F250048D7A0 /* Release */,
			);
			defaultConfigurationIsVisible = 0;
			defaultConfigurationName = Release;
		};
		D6A4312728B42F250048D7A0 /* Build configuration list for PBXNativeTarget "CoreData-TestProject" */ = {
			isa = XCConfigurationList;
			buildConfigurations = (
				D6A4312828B42F250048D7A0 /* Debug */,
				D6A4312928B42F250048D7A0 /* Release */,
			);
			defaultConfigurationIsVisible = 0;
			defaultConfigurationName = Release;
		};
/* End XCConfigurationList section */

/* Begin XCVersionGroup section */
		D6A4311C28B42F230048D7A0 /* Users.xcdatamodeld */ = {
			isa = XCVersionGroup;
			children = (
				D6A4311D28B42F230048D7A0 /* CoreData_TestProject.xcdatamodel */,
			);
			currentVersion = D6A4311D28B42F230048D7A0 /* CoreData_TestProject.xcdatamodel */;
			path = Users.xcdatamodeld;
			sourceTree = "<group>";
			versionGroupType = wrapper.xcdatamodel;
		};
/* End XCVersionGroup section */
	};
	rootObject = D6A4310828B42F230048D7A0 /* Project object */;
}
